
Microsoft Visual Studio Solution File, Format Version 12.00
# Visual Studio 15
VisualStudioVersion = 15.0.28307.645
MinimumVisualStudioVersion = 10.0.40219.1
Project("{FAE04EC0-301F-11D3-BF4B-00C04F79EFBC}") = "Stones", "Stones\Stones.csproj", "{AC39715F-1684-49C4-949B-FEAE5F3A8359}"
EndProject
Global
	GlobalSection(SolutionConfigurationPlatforms) = preSolution
		Debug|Any CPU = Debug|Any CPU
		Release|Any CPU = Release|Any CPU
	EndGlobalSection
	GlobalSection(ProjectConfigurationPlatforms) = postSolution
		{AC39715F-1684-49C4-949B-FEAE5F3A8359}.Debug|Any CPU.ActiveCfg = Debug|Any CPU
		{AC39715F-1684-49C4-949B-FEAE5F3A8359}.Debug|Any CPU.Build.0 = Debug|Any CPU
		{AC39715F-1684-49C4-949B-FEAE5F3A8359}.Release|Any CPU.ActiveCfg = Release|Any CPU
		{AC39715F-1684-49C4-949B-FEAE5F3A8359}.Release|Any CPU.Build.0 = Release|Any CPU
	EndGlobalSection
	GlobalSection(SolutionProperties) = preSolution
		HideSolutionNode = FALSE
	EndGlobalSection
	GlobalSection(ExtensibilityGlobals) = postSolution
		SolutionGuid = {371A5915-2118-49E3-959C-641C3E104675}
	EndGlobalSection
EndGlobal
